
Microsoft Visual Studio Solution File, Format Version 12.00
# Visual Studio Version 17
VisualStudioVersion = 17.3.32922.545
MinimumVisualStudioVersion = 10.0.40219.1
Project("{9A19103F-16F7-4668-BE54-9A1E7A4F7556}") = "Investing.HttpClients.Common", "Investing.HttpClients.Common\Investing.HttpClients.Common.csproj", "{086A71C0-523D-4006-8D2D-AA1DAD01DDFA}"
EndProject
Project("{FAE04EC0-301F-11D3-BF4B-00C04F79EFBC}") = "Investing.HttpClients", "Investing.HttpClients\Investing.HttpClients.csproj", "{0F6DE740-9246-415C-A3D9-018BCF6F8561}"
EndProject
Global
	GlobalSection(SolutionConfigurationPlatforms) = preSolution
		Debug|Any CPU = Debug|Any CPU
		Release|Any CPU = Release|Any CPU
	EndGlobalSection
	GlobalSection(ProjectConfigurationPlatforms) = postSolution
		{086A71C0-523D-4006-8D2D-AA1DAD01DDFA}.Debug|Any CPU.ActiveCfg = Debug|Any CPU
		{086A71C0-523D-4006-8D2D-AA1DAD01DDFA}.Debug|Any CPU.Build.0 = Debug|Any CPU
		{086A71C0-523D-4006-8D2D-AA1DAD01DDFA}.Release|Any CPU.ActiveCfg = Release|Any CPU
		{086A71C0-523D-4006-8D2D-AA1DAD01DDFA}.Release|Any CPU.Build.0 = Release|Any CPU
		{0F6DE740-9246-415C-A3D9-018BCF6F8561}.Debug|Any CPU.ActiveCfg = Debug|Any CPU
		{0F6DE740-9246-415C-A3D9-018BCF6F8561}.Debug|Any CPU.Build.0 = Debug|Any CPU
		{0F6DE740-9246-415C-A3D9-018BCF6F8561}.Release|Any CPU.ActiveCfg = Release|Any CPU
		{0F6DE740-9246-415C-A3D9-018BCF6F8561}.Release|Any CPU.Build.0 = Release|Any CPU
	EndGlobalSection
	GlobalSection(SolutionProperties) = preSolution
		HideSolutionNode = FALSE
	EndGlobalSection
	GlobalSection(ExtensibilityGlobals) = postSolution
		SolutionGuid = {4DA7719E-570D-4767-B3BD-61A6AA4AA03C}
	EndGlobalSection
EndGlobal
