
Microsoft Visual Studio Solution File, Format Version 12.00
# Visual Studio Version 17
VisualStudioVersion = 17.3.32922.545
MinimumVisualStudioVersion = 10.0.40219.1
Project("{9A19103F-16F7-4668-BE54-9A1E7A4F7556}") = "Investing.HttpClients", "Investing.HttpClients\Investing.HttpClients.csproj", "{0F6DE740-9246-415C-A3D9-018BCF6F8561}"
EndProject
Project("{9A19103F-16F7-4668-BE54-9A1E7A4F7556}") = "Investing.HttpClients.Tests", "Investing.HttpClients.Tests\Investing.HttpClients.Tests.csproj", "{C2095AF6-D16B-42CB-8179-E23C521D8C26}"
EndProject
Project("{9A19103F-16F7-4668-BE54-9A1E7A4F7556}") = "Investing.Core", "Investing.Core\Investing.Core.csproj", "{77B7C56A-B85B-4B4A-9942-15FC18DF7A06}"
EndProject
Project("{9A19103F-16F7-4668-BE54-9A1E7A4F7556}") = "Investing.ResourceWebApplication", "Investing.ResourceWebApplication\Investing.ResourceWebApplication.csproj", "{CC8252C0-B1BE-48DB-829C-40F1CDC986FC}"
EndProject
Project("{9A19103F-16F7-4668-BE54-9A1E7A4F7556}") = "Investing.EntityFramework.Core", "Investing.EntityFramework.Core\Investing.EntityFramework.Core.csproj", "{3A0FB520-BAB3-4308-976E-85F645EDA3E2}"
EndProject
Project("{9A19103F-16F7-4668-BE54-9A1E7A4F7556}") = "Investing.HttpClients.Core", "Investing.HttpClients.Core\Investing.HttpClients.Core.csproj", "{89E65157-BA34-48C6-ACCC-E49B7DB362EE}"
EndProject
Project("{9A19103F-16F7-4668-BE54-9A1E7A4F7556}") = "Investing.EntityFramework", "Investing.EntityFramework\Investing.EntityFramework.csproj", "{06677AD9-E1DB-4AC0-A06A-744E43A785CF}"
EndProject
Project("{FAE04EC0-301F-11D3-BF4B-00C04F79EFBC}") = "Investing.EntityFramework.Infrastructure", "Investing.EntityFramework.Infrastructure\Investing.EntityFramework.Infrastructure.csproj", "{22993816-73D8-42B4-830A-5895EC82F386}"
EndProject
Global
	GlobalSection(SolutionConfigurationPlatforms) = preSolution
		Debug|Any CPU = Debug|Any CPU
		Release|Any CPU = Release|Any CPU
	EndGlobalSection
	GlobalSection(ProjectConfigurationPlatforms) = postSolution
		{0F6DE740-9246-415C-A3D9-018BCF6F8561}.Debug|Any CPU.ActiveCfg = Debug|Any CPU
		{0F6DE740-9246-415C-A3D9-018BCF6F8561}.Debug|Any CPU.Build.0 = Debug|Any CPU
		{0F6DE740-9246-415C-A3D9-018BCF6F8561}.Release|Any CPU.ActiveCfg = Release|Any CPU
		{0F6DE740-9246-415C-A3D9-018BCF6F8561}.Release|Any CPU.Build.0 = Release|Any CPU
		{C2095AF6-D16B-42CB-8179-E23C521D8C26}.Debug|Any CPU.ActiveCfg = Debug|Any CPU
		{C2095AF6-D16B-42CB-8179-E23C521D8C26}.Debug|Any CPU.Build.0 = Debug|Any CPU
		{C2095AF6-D16B-42CB-8179-E23C521D8C26}.Release|Any CPU.ActiveCfg = Release|Any CPU
		{C2095AF6-D16B-42CB-8179-E23C521D8C26}.Release|Any CPU.Build.0 = Release|Any CPU
		{77B7C56A-B85B-4B4A-9942-15FC18DF7A06}.Debug|Any CPU.ActiveCfg = Debug|Any CPU
		{77B7C56A-B85B-4B4A-9942-15FC18DF7A06}.Debug|Any CPU.Build.0 = Debug|Any CPU
		{77B7C56A-B85B-4B4A-9942-15FC18DF7A06}.Release|Any CPU.ActiveCfg = Release|Any CPU
		{77B7C56A-B85B-4B4A-9942-15FC18DF7A06}.Release|Any CPU.Build.0 = Release|Any CPU
		{CC8252C0-B1BE-48DB-829C-40F1CDC986FC}.Debug|Any CPU.ActiveCfg = Debug|Any CPU
		{CC8252C0-B1BE-48DB-829C-40F1CDC986FC}.Debug|Any CPU.Build.0 = Debug|Any CPU
		{CC8252C0-B1BE-48DB-829C-40F1CDC986FC}.Release|Any CPU.ActiveCfg = Release|Any CPU
		{CC8252C0-B1BE-48DB-829C-40F1CDC986FC}.Release|Any CPU.Build.0 = Release|Any CPU
		{3A0FB520-BAB3-4308-976E-85F645EDA3E2}.Debug|Any CPU.ActiveCfg = Debug|Any CPU
		{3A0FB520-BAB3-4308-976E-85F645EDA3E2}.Debug|Any CPU.Build.0 = Debug|Any CPU
		{3A0FB520-BAB3-4308-976E-85F645EDA3E2}.Release|Any CPU.ActiveCfg = Release|Any CPU
		{3A0FB520-BAB3-4308-976E-85F645EDA3E2}.Release|Any CPU.Build.0 = Release|Any CPU
		{89E65157-BA34-48C6-ACCC-E49B7DB362EE}.Debug|Any CPU.ActiveCfg = Debug|Any CPU
		{89E65157-BA34-48C6-ACCC-E49B7DB362EE}.Debug|Any CPU.Build.0 = Debug|Any CPU
		{89E65157-BA34-48C6-ACCC-E49B7DB362EE}.Release|Any CPU.ActiveCfg = Release|Any CPU
		{89E65157-BA34-48C6-ACCC-E49B7DB362EE}.Release|Any CPU.Build.0 = Release|Any CPU
		{06677AD9-E1DB-4AC0-A06A-744E43A785CF}.Debug|Any CPU.ActiveCfg = Debug|Any CPU
		{06677AD9-E1DB-4AC0-A06A-744E43A785CF}.Debug|Any CPU.Build.0 = Debug|Any CPU
		{06677AD9-E1DB-4AC0-A06A-744E43A785CF}.Release|Any CPU.ActiveCfg = Release|Any CPU
		{06677AD9-E1DB-4AC0-A06A-744E43A785CF}.Release|Any CPU.Build.0 = Release|Any CPU
		{22993816-73D8-42B4-830A-5895EC82F386}.Debug|Any CPU.ActiveCfg = Debug|Any CPU
		{22993816-73D8-42B4-830A-5895EC82F386}.Debug|Any CPU.Build.0 = Debug|Any CPU
		{22993816-73D8-42B4-830A-5895EC82F386}.Release|Any CPU.ActiveCfg = Release|Any CPU
		{22993816-73D8-42B4-830A-5895EC82F386}.Release|Any CPU.Build.0 = Release|Any CPU
	EndGlobalSection
	GlobalSection(SolutionProperties) = preSolution
		HideSolutionNode = FALSE
	EndGlobalSection
	GlobalSection(ExtensibilityGlobals) = postSolution
		SolutionGuid = {4DA7719E-570D-4767-B3BD-61A6AA4AA03C}
	EndGlobalSection
EndGlobal
